// !$*UTF8*$!
{
	archiveVersion = 1;
	classes = {
	};
	objectVersion = 46;
	objects = {

/* Begin PBXBuildFile section */
		A4BD01551B030F5F0016A900 /* AppDelegate.swift in Sources */ = {isa = PBXBuildFile; fileRef = A4BD01541B030F5F0016A900 /* AppDelegate.swift */; };
		A4BD01571B030F5F0016A900 /* ViewController.swift in Sources */ = {isa = PBXBuildFile; fileRef = A4BD01561B030F5F0016A900 /* ViewController.swift */; };
		A4BD015A1B030F5F0016A900 /* Main.storyboard in Resources */ = {isa = PBXBuildFile; fileRef = A4BD01581B030F5F0016A900 /* Main.storyboard */; };
		A4BD015C1B030F5F0016A900 /* Images.xcassets in Resources */ = {isa = PBXBuildFile; fileRef = A4BD015B1B030F5F0016A900 /* Images.xcassets */; };
		A4BD015F1B030F5F0016A900 /* LaunchScreen.xib in Resources */ = {isa = PBXBuildFile; fileRef = A4BD015D1B030F5F0016A900 /* LaunchScreen.xib */; };
		A4BD016B1B030F5F0016A900 /* EyeBallsTests.swift in Sources */ = {isa = PBXBuildFile; fileRef = A4BD016A1B030F5F0016A900 /* EyeBallsTests.swift */; };
/* End PBXBuildFile section */

/* Begin PBXContainerItemProxy section */
		A4BD01651B030F5F0016A900 /* PBXContainerItemProxy */ = {
			isa = PBXContainerItemProxy;
			containerPortal = A4BD01471B030F5F0016A900 /* Project object */;
			proxyType = 1;
			remoteGlobalIDString = A4BD014E1B030F5F0016A900;
			remoteInfo = EyeBalls;
		};
/* End PBXContainerItemProxy section */

/* Begin PBXFileReference section */
		A4BD014F1B030F5F0016A900 /* EyeBalls.app */ = {isa = PBXFileReference; explicitFileType = wrapper.application; includeInIndex = 0; path = EyeBalls.app; sourceTree = BUILT_PRODUCTS_DIR; };
		A4BD01531B030F5F0016A900 /* Info.plist */ = {isa = PBXFileReference; lastKnownFileType = text.plist.xml; path = Info.plist; sourceTree = "<group>"; };
		A4BD01541B030F5F0016A900 /* AppDelegate.swift */ = {isa = PBXFileReference; lastKnownFileType = sourcecode.swift; path = AppDelegate.swift; sourceTree = "<group>"; };
		A4BD01561B030F5F0016A900 /* ViewController.swift */ = {isa = PBXFileReference; lastKnownFileType = sourcecode.swift; path = ViewController.swift; sourceTree = "<group>"; };
		A4BD01591B030F5F0016A900 /* Base */ = {isa = PBXFileReference; lastKnownFileType = file.storyboard; name = Base; path = Base.lproj/Main.storyboard; sourceTree = "<group>"; };
		A4BD015B1B030F5F0016A900 /* Images.xcassets */ = {isa = PBXFileReference; lastKnownFileType = folder.assetcatalog; path = Images.xcassets; sourceTree = "<group>"; };
		A4BD015E1B030F5F0016A900 /* Base */ = {isa = PBXFileReference; lastKnownFileType = file.xib; name = Base; path = Base.lproj/LaunchScreen.xib; sourceTree = "<group>"; };
		A4BD01641B030F5F0016A900 /* EyeBallsTests.xctest */ = {isa = PBXFileReference; explicitFileType = wrapper.cfbundle; includeInIndex = 0; path = EyeBallsTests.xctest; sourceTree = BUILT_PRODUCTS_DIR; };
		A4BD01691B030F5F0016A900 /* Info.plist */ = {isa = PBXFileReference; lastKnownFileType = text.plist.xml; path = Info.plist; sourceTree = "<group>"; };
		A4BD016A1B030F5F0016A900 /* EyeBallsTests.swift */ = {isa = PBXFileReference; lastKnownFileType = sourcecode.swift; path = EyeBallsTests.swift; sourceTree = "<group>"; };
/* End PBXFileReference section */

/* Begin PBXFrameworksBuildPhase section */
		A4BD014C1B030F5F0016A900 /* Frameworks */ = {
			isa = PBXFrameworksBuildPhase;
			buildActionMask = 2147483647;
			files = (
			);
			runOnlyForDeploymentPostprocessing = 0;
		};
		A4BD01611B030F5F0016A900 /* Frameworks */ = {
			isa = PBXFrameworksBuildPhase;
			buildActionMask = 2147483647;
			files = (
			);
			runOnlyForDeploymentPostprocessing = 0;
		};
/* End PBXFrameworksBuildPhase section */

/* Begin PBXGroup section */
		A4BD01461B030F5F0016A900 = {
			isa = PBXGroup;
			children = (
				A4BD01511B030F5F0016A900 /* EyeBalls */,
				A4BD01671B030F5F0016A900 /* EyeBallsTests */,
				A4BD01501B030F5F0016A900 /* Products */,
			);
			sourceTree = "<group>";
		};
		A4BD01501B030F5F0016A900 /* Products */ = {
			isa = PBXGroup;
			children = (
				A4BD014F1B030F5F0016A900 /* EyeBalls.app */,
				A4BD01641B030F5F0016A900 /* EyeBallsTests.xctest */,
			);
			name = Products;
			sourceTree = "<group>";
		};
		A4BD01511B030F5F0016A900 /* EyeBalls */ = {
			isa = PBXGroup;
			children = (
				A4BD01541B030F5F0016A900 /* AppDelegate.swift */,
				A4BD01561B030F5F0016A900 /* ViewController.swift */,
				A4BD01581B030F5F0016A900 /* Main.storyboard */,
				A4BD015B1B030F5F0016A900 /* Images.xcassets */,
				A4BD015D1B030F5F0016A900 /* LaunchScreen.xib */,
				A4BD01521B030F5F0016A900 /* Supporting Files */,
			);
			path = EyeBalls;
			sourceTree = "<group>";
		};
		A4BD01521B030F5F0016A900 /* Supporting Files */ = {
			isa = PBXGroup;
			children = (
				A4BD01531B030F5F0016A900 /* Info.plist */,
			);
			name = "Supporting Files";
			sourceTree = "<group>";
		};
		A4BD01671B030F5F0016A900 /* EyeBallsTests */ = {
			isa = PBXGroup;
			children = (
				A4BD016A1B030F5F0016A900 /* EyeBallsTests.swift */,
				A4BD01681B030F5F0016A900 /* Supporting Files */,
			);
			path = EyeBallsTests;
			sourceTree = "<group>";
		};
		A4BD01681B030F5F0016A900 /* Supporting Files */ = {
			isa = PBXGroup;
			children = (
				A4BD01691B030F5F0016A900 /* Info.plist */,
			);
			name = "Supporting Files";
			sourceTree = "<group>";
		};
/* End PBXGroup section */

/* Begin PBXNativeTarget section */
		A4BD014E1B030F5F0016A900 /* EyeBalls */ = {
			isa = PBXNativeTarget;
			buildConfigurationList = A4BD016E1B030F5F0016A900 /* Build configuration list for PBXNativeTarget "EyeBalls" */;
			buildPhases = (
				A4BD014B1B030F5F0016A900 /* Sources */,
				A4BD014C1B030F5F0016A900 /* Frameworks */,
				A4BD014D1B030F5F0016A900 /* Resources */,
			);
			buildRules = (
			);
			dependencies = (
			);
			name = EyeBalls;
			productName = EyeBalls;
			productReference = A4BD014F1B030F5F0016A900 /* EyeBalls.app */;
			productType = "com.apple.product-type.application";
		};
		A4BD01631B030F5F0016A900 /* EyeBallsTests */ = {
			isa = PBXNativeTarget;
			buildConfigurationList = A4BD01711B030F5F0016A900 /* Build configuration list for PBXNativeTarget "EyeBallsTests" */;
			buildPhases = (
				A4BD01601B030F5F0016A900 /* Sources */,
				A4BD01611B030F5F0016A900 /* Frameworks */,
				A4BD01621B030F5F0016A900 /* Resources */,
			);
			buildRules = (
			);
			dependencies = (
				A4BD01661B030F5F0016A900 /* PBXTargetDependency */,
			);
			name = EyeBallsTests;
			productName = EyeBallsTests;
			productReference = A4BD01641B030F5F0016A900 /* EyeBallsTests.xctest */;
			productType = "com.apple.product-type.bundle.unit-test";
		};
/* End PBXNativeTarget section */

/* Begin PBXProject section */
		A4BD01471B030F5F0016A900 /* Project object */ = {
			isa = PBXProject;
			attributes = {
				LastUpgradeCheck = 0630;
				ORGANIZATIONNAME = Jasper;
				TargetAttributes = {
					A4BD014E1B030F5F0016A900 = {
						CreatedOnToolsVersion = 6.3.1;
					};
					A4BD01631B030F5F0016A900 = {
						CreatedOnToolsVersion = 6.3.1;
						TestTargetID = A4BD014E1B030F5F0016A900;
					};
				};
			};
			buildConfigurationList = A4BD014A1B030F5F0016A900 /* Build configuration list for PBXProject "EyeBalls" */;
			compatibilityVersion = "Xcode 3.2";
			developmentRegion = English;
			hasScannedForEncodings = 0;
			knownRegions = (
				en,
				Base,
			);
			mainGroup = A4BD01461B030F5F0016A900;
			productRefGroup = A4BD01501B030F5F0016A900 /* Products */;
			projectDirPath = "";
			projectRoot = "";
			targets = (
				A4BD014E1B030F5F0016A900 /* EyeBalls */,
				A4BD01631B030F5F0016A900 /* EyeBallsTests */,
			);
		};
/* End PBXProject section */

/* Begin PBXResourcesBuildPhase section */
		A4BD014D1B030F5F0016A900 /* Resources */ = {
			isa = PBXResourcesBuildPhase;
			buildActionMask = 2147483647;
			files = (
				A4BD015A1B030F5F0016A900 /* Main.storyboard in Resources */,
				A4BD015F1B030F5F0016A900 /* LaunchScreen.xib in Resources */,
				A4BD015C1B030F5F0016A900 /* Images.xcassets in Resources */,
			);
			runOnlyForDeploymentPostprocessing = 0;
		};
		A4BD01621B030F5F0016A900 /* Resources */ = {
			isa = PBXResourcesBuildPhase;
			buildActionMask = 2147483647;
			files = (
			);
			runOnlyForDeploymentPostprocessing = 0;
		};
/* End PBXResourcesBuildPhase section */

/* Begin PBXSourcesBuildPhase section */
		A4BD014B1B030F5F0016A900 /* Sources */ = {
			isa = PBXSourcesBuildPhase;
			buildActionMask = 2147483647;
			files = (
				A4BD01571B030F5F0016A900 /* ViewController.swift in Sources */,
				A4BD01551B030F5F0016A900 /* AppDelegate.swift in Sources */,
			);
			runOnlyForDeploymentPostprocessing = 0;
		};
		A4BD01601B030F5F0016A900 /* Sources */ = {
			isa = PBXSourcesBuildPhase;
			buildActionMask = 2147483647;
			files = (
				A4BD016B1B030F5F0016A900 /* EyeBallsTests.swift in Sources */,
			);
			runOnlyForDeploymentPostprocessing = 0;
		};
/* End PBXSourcesBuildPhase section */

/* Begin PBXTargetDependency section */
		A4BD01661B030F5F0016A900 /* PBXTargetDependency */ = {
			isa = PBXTargetDependency;
			target = A4BD014E1B030F5F0016A900 /* EyeBalls */;
			targetProxy = A4BD01651B030F5F0016A900 /* PBXContainerItemProxy */;
		};
/* End PBXTargetDependency section */

/* Begin PBXVariantGroup section */
		A4BD01581B030F5F0016A900 /* Main.storyboard */ = {
			isa = PBXVariantGroup;
			children = (
				A4BD01591B030F5F0016A900 /* Base */,
			);
			name = Main.storyboard;
			sourceTree = "<group>";
		};
		A4BD015D1B030F5F0016A900 /* LaunchScreen.xib */ = {
			isa = PBXVariantGroup;
			children = (
				A4BD015E1B030F5F0016A900 /* Base */,
			);
			name = LaunchScreen.xib;
			sourceTree = "<group>";
		};
/* End PBXVariantGroup section */

/* Begin XCBuildConfiguration section */
		A4BD016C1B030F5F0016A900 /* Debug */ = {
			isa = XCBuildConfiguration;
			buildSettings = {
				ALWAYS_SEARCH_USER_PATHS = NO;
				CLANG_CXX_LANGUAGE_STANDARD = "gnu++0x";
				CLANG_CXX_LIBRARY = "libc++";
				CLANG_ENABLE_MODULES = YES;
				CLANG_ENABLE_OBJC_ARC = YES;
				CLANG_WARN_BOOL_CONVERSION = YES;
				CLANG_WARN_CONSTANT_CONVERSION = YES;
				CLANG_WARN_DIRECT_OBJC_ISA_USAGE = YES_ERROR;
				CLANG_WARN_EMPTY_BODY = YES;
				CLANG_WARN_ENUM_CONVERSION = YES;
				CLANG_WARN_INT_CONVERSION = YES;
				CLANG_WARN_OBJC_ROOT_CLASS = YES_ERROR;
				CLANG_WARN_UNREACHABLE_CODE = YES;
				CLANG_WARN__DUPLICATE_METHOD_MATCH = YES;
				"CODE_SIGN_IDENTITY[sdk=iphoneos*]" = "iPhone Developer";
				COPY_PHASE_STRIP = NO;
				DEBUG_INFORMATION_FORMAT = "dwarf-with-dsym";
				ENABLE_STRICT_OBJC_MSGSEND = YES;
				GCC_C_LANGUAGE_STANDARD = gnu99;
				GCC_DYNAMIC_NO_PIC = NO;
				GCC_NO_COMMON_BLOCKS = YES;
				GCC_OPTIMIZATION_LEVEL = 0;
				GCC_PREPROCESSOR_DEFINITIONS = (
					"DEBUG=1",
					"$(inherited)",
				);
				GCC_SYMBOLS_PRIVATE_EXTERN = NO;
				GCC_WARN_64_TO_32_BIT_CONVERSION = YES;
				GCC_WARN_ABOUT_RETURN_TYPE = YES_ERROR;
				GCC_WARN_UNDECLARED_SELECTOR = YES;
				GCC_WARN_UNINITIALIZED_AUTOS = YES_AGGRESSIVE;
				GCC_WARN_UNUSED_FUNCTION = YES;
				GCC_WARN_UNUSED_VARIABLE = YES;
				IPHONEOS_DEPLOYMENT_TARGET = 8.3;
				MTL_ENABLE_DEBUG_INFO = YES;
				ONLY_ACTIVE_ARCH = YES;
				SDKROOT = iphoneos;
				SWIFT_OPTIMIZATION_LEVEL = "-Onone";
			};
			name = Debug;
		};
		A4BD016D1B030F5F0016A900 /* Release */ = {
			isa = XCBuildConfiguration;
			buildSettings = {
				ALWAYS_SEARCH_USER_PATHS = NO;
				CLANG_CXX_LANGUAGE_STANDARD = "gnu++0x";
				CLANG_CXX_LIBRARY = "libc++";
				CLANG_ENABLE_MODULES = YES;
				CLANG_ENABLE_OBJC_ARC = YES;
				CLANG_WARN_BOOL_CONVERSION = YES;
				CLANG_WARN_CONSTANT_CONVERSION = YES;
				CLANG_WARN_DIRECT_OBJC_ISA_USAGE = YES_ERROR;
				CLANG_WARN_EMPTY_BODY = YES;
				CLANG_WARN_ENUM_CONVERSION = YES;
				CLANG_WARN_INT_CONVERSION = YES;
				CLANG_WARN_OBJC_ROOT_CLASS = YES_ERROR;
				CLANG_WARN_UNREACHABLE_CODE = YES;
				CLANG_WARN__DUPLICATE_METHOD_MATCH = YES;
				"CODE_SIGN_IDENTITY[sdk=iphoneos*]" = "iPhone Developer";
				COPY_PHASE_STRIP = NO;
				DEBUG_INFORMATION_FORMAT = "dwarf-with-dsym";
				ENABLE_NS_ASSERTIONS = NO;
				ENABLE_STRICT_OBJC_MSGSEND = YES;
				GCC_C_LANGUAGE_STANDARD = gnu99;
				GCC_NO_COMMON_BLOCKS = YES;
				GCC_WARN_64_TO_32_BIT_CONVERSION = YES;
				GCC_WARN_ABOUT_RETURN_TYPE = YES_ERROR;
				GCC_WARN_UNDECLARED_SELECTOR = YES;
				GCC_WARN_UNINITIALIZED_AUTOS = YES_AGGRESSIVE;
				GCC_WARN_UNUSED_FUNCTION = YES;
				GCC_WARN_UNUSED_VARIABLE = YES;
				IPHONEOS_DEPLOYMENT_TARGET = 8.3;
				MTL_ENABLE_DEBUG_INFO = NO;
				SDKROOT = iphoneos;
				VALIDATE_PRODUCT = YES;
			};
			name = Release;
		};
		A4BD016F1B030F5F0016A900 /* Debug */ = {
			isa = XCBuildConfiguration;
			buildSettings = {
				ASSETCATALOG_COMPILER_APPICON_NAME = AppIcon;
				INFOPLIST_FILE = EyeBalls/Info.plist;
				LD_RUNPATH_SEARCH_PATHS = "$(inherited) @executable_path/Frameworks";
				PRODUCT_NAME = "$(TARGET_NAME)";
			};
			name = Debug;
		};
		A4BD01701B030F5F0016A900 /* Release */ = {
			isa = XCBuildConfiguration;
			buildSettings = {
				ASSETCATALOG_COMPILER_APPICON_NAME = AppIcon;
				INFOPLIST_FILE = EyeBalls/Info.plist;
				LD_RUNPATH_SEARCH_PATHS = "$(inherited) @executable_path/Frameworks";
				PRODUCT_NAME = "$(TARGET_NAME)";
			};
			name = Release;
		};
		A4BD01721B030F5F0016A900 /* Debug */ = {
			isa = XCBuildConfiguration;
			buildSettings = {
				BUNDLE_LOADER = "$(TEST_HOST)";
				FRAMEWORK_SEARCH_PATHS = (
					"$(SDKROOT)/Developer/Library/Frameworks",
					"$(inherited)",
				);
				GCC_PREPROCESSOR_DEFINITIONS = (
					"DEBUG=1",
					"$(inherited)",
				);
				INFOPLIST_FILE = EyeBallsTests/Info.plist;
				LD_RUNPATH_SEARCH_PATHS = "$(inherited) @executable_path/Frameworks @loader_path/Frameworks";
				PRODUCT_NAME = "$(TARGET_NAME)";
				TEST_HOST = "$(BUILT_PRODUCTS_DIR)/EyeBalls.app/EyeBalls";
			};
			name = Debug;
		};
		A4BD01731B030F5F0016A900 /* Release */ = {
			isa = XCBuildConfiguration;
			buildSettings = {
				BUNDLE_LOADER = "$(TEST_HOST)";
				FRAMEWORK_SEARCH_PATHS = (
					"$(SDKROOT)/Developer/Library/Frameworks",
					"$(inherited)",
				);
				INFOPLIST_FILE = EyeBallsTests/Info.plist;
				LD_RUNPATH_SEARCH_PATHS = "$(inherited) @executable_path/Frameworks @loader_path/Frameworks";
				PRODUCT_NAME = "$(TARGET_NAME)";
				TEST_HOST = "$(BUILT_PRODUCTS_DIR)/EyeBalls.app/EyeBalls";
			};
			name = Release;
		};
/* End XCBuildConfiguration section */

/* Begin XCConfigurationList section */
		A4BD014A1B030F5F0016A900 /* Build configuration list for PBXProject "EyeBalls" */ = {
			isa = XCConfigurationList;
			buildConfigurations = (
				A4BD016C1B030F5F0016A900 /* Debug */,
				A4BD016D1B030F5F0016A900 /* Release */,
			);
			defaultConfigurationIsVisible = 0;
			defaultConfigurationName = Release;
		};
		A4BD016E1B030F5F0016A900 /* Build configuration list for PBXNativeTarget "EyeBalls" */ = {
			isa = XCConfigurationList;
			buildConfigurations = (
				A4BD016F1B030F5F0016A900 /* Debug */,
				A4BD01701B030F5F0016A900 /* Release */,
			);
			defaultConfigurationIsVisible = 0;
		};
		A4BD01711B030F5F0016A900 /* Build configuration list for PBXNativeTarget "EyeBallsTests" */ = {
			isa = XCConfigurationList;
			buildConfigurations = (
				A4BD01721B030F5F0016A900 /* Debug */,
				A4BD01731B030F5F0016A900 /* Release */,
			);
			defaultConfigurationIsVisible = 0;
		};
/* End XCConfigurationList section */
	};
	rootObject = A4BD01471B030F5F0016A900 /* Project object */;
}
